// !$*UTF8*$!
{
	archiveVersion = 1;
	classes = {
	};
	objectVersion = 56;
	objects = {

/* Begin PBXBuildFile section */
		11C8D5A82D75AA7A00B60DE7 /* ios_track_search_keyApp.swift in Sources */ = {isa = PBXBuildFile; fileRef = 11C8D5A72D75AA7A00B60DE7 /* ios_track_search_keyApp.swift */; };
		11C8D5AA2D75AA7A00B60DE7 /* ContentView.swift in Sources */ = {isa = PBXBuildFile; fileRef = 11C8D5A92D75AA7A00B60DE7 /* ContentView.swift */; };
		11C8D5AC2D75AA7C00B60DE7 /* Assets.xcassets in Resources */ = {isa = PBXBuildFile; fileRef = 11C8D5AB2D75AA7C00B60DE7 /* Assets.xcassets */; };
		11C8D5AF2D75AA7C00B60DE7 /* Preview Assets.xcassets in Resources */ = {isa = PBXBuildFile; fileRef = 11C8D5AE2D75AA7C00B60DE7 /* Preview Assets.xcassets */; };
		11C8D5B92D75AA7C00B60DE7 /* ios_track_search_keyTests.swift in Sources */ = {isa = PBXBuildFile; fileRef = 11C8D5B82D75AA7C00B60DE7 /* ios_track_search_keyTests.swift */; };
		11C8D5C32D75AA7C00B60DE7 /* ios_track_search_keyUITests.swift in Sources */ = {isa = PBXBuildFile; fileRef = 11C8D5C22D75AA7C00B60DE7 /* ios_track_search_keyUITests.swift */; };
		11C8D5C52D75AA7C00B60DE7 /* ios_track_search_keyUITestsLaunchTests.swift in Sources */ = {isa = PBXBuildFile; fileRef = 11C8D5C42D75AA7C00B60DE7 /* ios_track_search_keyUITestsLaunchTests.swift */; };
/* End PBXBuildFile section */

/* Begin PBXContainerItemProxy section */
		11C8D5B52D75AA7C00B60DE7 /* PBXContainerItemProxy */ = {
			isa = PBXContainerItemProxy;
			containerPortal = 11C8D59C2D75AA7A00B60DE7 /* Project object */;
			proxyType = 1;
			remoteGlobalIDString = 11C8D5A32D75AA7A00B60DE7;
			remoteInfo = "ios-track-search-key";
		};
		11C8D5BF2D75AA7C00B60DE7 /* PBXContainerItemProxy */ = {
			isa = PBXContainerItemProxy;
			containerPortal = 11C8D59C2D75AA7A00B60DE7 /* Project object */;
			proxyType = 1;
			remoteGlobalIDString = 11C8D5A32D75AA7A00B60DE7;
			remoteInfo = "ios-track-search-key";
		};
/* End PBXContainerItemProxy section */

/* Begin PBXFileReference section */
		11C8D5A42D75AA7A00B60DE7 /* ios-track-search-key.app */ = {isa = PBXFileReference; explicitFileType = wrapper.application; includeInIndex = 0; path = "ios-track-search-key.app"; sourceTree = BUILT_PRODUCTS_DIR; };
		11C8D5A72D75AA7A00B60DE7 /* ios_track_search_keyApp.swift */ = {isa = PBXFileReference; lastKnownFileType = sourcecode.swift; path = ios_track_search_keyApp.swift; sourceTree = "<group>"; };
		11C8D5A92D75AA7A00B60DE7 /* ContentView.swift */ = {isa = PBXFileReference; lastKnownFileType = sourcecode.swift; path = ContentView.swift; sourceTree = "<group>"; };
		11C8D5AB2D75AA7C00B60DE7 /* Assets.xcassets */ = {isa = PBXFileReference; lastKnownFileType = folder.assetcatalog; path = Assets.xcassets; sourceTree = "<group>"; };
		11C8D5AE2D75AA7C00B60DE7 /* Preview Assets.xcassets */ = {isa = PBXFileReference; lastKnownFileType = folder.assetcatalog; path = "Preview Assets.xcassets"; sourceTree = "<group>"; };
		11C8D5B42D75AA7C00B60DE7 /* ios-track-search-keyTests.xctest */ = {isa = PBXFileReference; explicitFileType = wrapper.cfbundle; includeInIndex = 0; path = "ios-track-search-keyTests.xctest"; sourceTree = BUILT_PRODUCTS_DIR; };
		11C8D5B82D75AA7C00B60DE7 /* ios_track_search_keyTests.swift */ = {isa = PBXFileReference; lastKnownFileType = sourcecode.swift; path = ios_track_search_keyTests.swift; sourceTree = "<group>"; };
		11C8D5BE2D75AA7C00B60DE7 /* ios-track-search-keyUITests.xctest */ = {isa = PBXFileReference; explicitFileType = wrapper.cfbundle; includeInIndex = 0; path = "ios-track-search-keyUITests.xctest"; sourceTree = BUILT_PRODUCTS_DIR; };
		11C8D5C22D75AA7C00B60DE7 /* ios_track_search_keyUITests.swift */ = {isa = PBXFileReference; lastKnownFileType = sourcecode.swift; path = ios_track_search_keyUITests.swift; sourceTree = "<group>"; };
		11C8D5C42D75AA7C00B60DE7 /* ios_track_search_keyUITestsLaunchTests.swift */ = {isa = PBXFileReference; lastKnownFileType = sourcecode.swift; path = ios_track_search_keyUITestsLaunchTests.swift; sourceTree = "<group>"; };
/* End PBXFileReference section */

/* Begin PBXFrameworksBuildPhase section */
		11C8D5A12D75AA7A00B60DE7 /* Frameworks */ = {
			isa = PBXFrameworksBuildPhase;
			buildActionMask = 2147483647;
			files = (
			);
			runOnlyForDeploymentPostprocessing = 0;
		};
		11C8D5B12D75AA7C00B60DE7 /* Frameworks */ = {
			isa = PBXFrameworksBuildPhase;
			buildActionMask = 2147483647;
			files = (
			);
			runOnlyForDeploymentPostprocessing = 0;
		};
		11C8D5BB2D75AA7C00B60DE7 /* Frameworks */ = {
			isa = PBXFrameworksBuildPhase;
			buildActionMask = 2147483647;
			files = (
			);
			runOnlyForDeploymentPostprocessing = 0;
		};
/* End PBXFrameworksBuildPhase section */

/* Begin PBXGroup section */
		11C8D59B2D75AA7A00B60DE7 = {
			isa = PBXGroup;
			children = (
				11C8D5A62D75AA7A00B60DE7 /* ios-track-search-key */,
				11C8D5B72D75AA7C00B60DE7 /* ios-track-search-keyTests */,
				11C8D5C12D75AA7C00B60DE7 /* ios-track-search-keyUITests */,
				11C8D5A52D75AA7A00B60DE7 /* Products */,
			);
			sourceTree = "<group>";
		};
		11C8D5A52D75AA7A00B60DE7 /* Products */ = {
			isa = PBXGroup;
			children = (
				11C8D5A42D75AA7A00B60DE7 /* ios-track-search-key.app */,
				11C8D5B42D75AA7C00B60DE7 /* ios-track-search-keyTests.xctest */,
				11C8D5BE2D75AA7C00B60DE7 /* ios-track-search-keyUITests.xctest */,
			);
			name = Products;
			sourceTree = "<group>";
		};
		11C8D5A62D75AA7A00B60DE7 /* ios-track-search-key */ = {
			isa = PBXGroup;
			children = (
				11C8D5A72D75AA7A00B60DE7 /* ios_track_search_keyApp.swift */,
				11C8D5A92D75AA7A00B60DE7 /* ContentView.swift */,
				11C8D5AB2D75AA7C00B60DE7 /* Assets.xcassets */,
				11C8D5AD2D75AA7C00B60DE7 /* Preview Content */,
			);
			path = "ios-track-search-key";
			sourceTree = "<group>";
		};
		11C8D5AD2D75AA7C00B60DE7 /* Preview Content */ = {
			isa = PBXGroup;
			children = (
				11C8D5AE2D75AA7C00B60DE7 /* Preview Assets.xcassets */,
			);
			path = "Preview Content";
			sourceTree = "<group>";
		};
		11C8D5B72D75AA7C00B60DE7 /* ios-track-search-keyTests */ = {
			isa = PBXGroup;
			children = (
				11C8D5B82D75AA7C00B60DE7 /* ios_track_search_keyTests.swift */,
			);
			path = "ios-track-search-keyTests";
			sourceTree = "<group>";
		};
		11C8D5C12D75AA7C00B60DE7 /* ios-track-search-keyUITests */ = {
			isa = PBXGroup;
			children = (
				11C8D5C22D75AA7C00B60DE7 /* ios_track_search_keyUITests.swift */,
				11C8D5C42D75AA7C00B60DE7 /* ios_track_search_keyUITestsLaunchTests.swift */,
			);
			path = "ios-track-search-keyUITests";
			sourceTree = "<group>";
		};
/* End PBXGroup section */

/* Begin PBXNativeTarget section */
		11C8D5A32D75AA7A00B60DE7 /* ios-track-search-key */ = {
			isa = PBXNativeTarget;
			buildConfigurationList = 11C8D5C82D75AA7C00B60DE7 /* Build configuration list for PBXNativeTarget "ios-track-search-key" */;
			buildPhases = (
				11C8D5A02D75AA7A00B60DE7 /* Sources */,
				11C8D5A12D75AA7A00B60DE7 /* Frameworks */,
				11C8D5A22D75AA7A00B60DE7 /* Resources */,
			);
			buildRules = (
			);
			dependencies = (
			);
			name = "ios-track-search-key";
			productName = "ios-track-search-key";
			productReference = 11C8D5A42D75AA7A00B60DE7 /* ios-track-search-key.app */;
			productType = "com.apple.product-type.application";
		};
		11C8D5B32D75AA7C00B60DE7 /* ios-track-search-keyTests */ = {
			isa = PBXNativeTarget;
			buildConfigurationList = 11C8D5CB2D75AA7C00B60DE7 /* Build configuration list for PBXNativeTarget "ios-track-search-keyTests" */;
			buildPhases = (
				11C8D5B02D75AA7C00B60DE7 /* Sources */,
				11C8D5B12D75AA7C00B60DE7 /* Frameworks */,
				11C8D5B22D75AA7C00B60DE7 /* Resources */,
			);
			buildRules = (
			);
			dependencies = (
				11C8D5B62D75AA7C00B60DE7 /* PBXTargetDependency */,
			);
			name = "ios-track-search-keyTests";
			productName = "ios-track-search-keyTests";
			productReference = 11C8D5B42D75AA7C00B60DE7 /* ios-track-search-keyTests.xctest */;
			productType = "com.apple.product-type.bundle.unit-test";
		};
		11C8D5BD2D75AA7C00B60DE7 /* ios-track-search-keyUITests */ = {
			isa = PBXNativeTarget;
			buildConfigurationList = 11C8D5CE2D75AA7C00B60DE7 /* Build configuration list for PBXNativeTarget "ios-track-search-keyUITests" */;
			buildPhases = (
				11C8D5BA2D75AA7C00B60DE7 /* Sources */,
				11C8D5BB2D75AA7C00B60DE7 /* Frameworks */,
				11C8D5BC2D75AA7C00B60DE7 /* Resources */,
			);
			buildRules = (
			);
			dependencies = (
				11C8D5C02D75AA7C00B60DE7 /* PBXTargetDependency */,
			);
			name = "ios-track-search-keyUITests";
			productName = "ios-track-search-keyUITests";
			productReference = 11C8D5BE2D75AA7C00B60DE7 /* ios-track-search-keyUITests.xctest */;
			productType = "com.apple.product-type.bundle.ui-testing";
		};
/* End PBXNativeTarget section */

/* Begin PBXProject section */
		11C8D59C2D75AA7A00B60DE7 /* Project object */ = {
			isa = PBXProject;
			attributes = {
				BuildIndependentTargetsInParallel = 1;
				LastSwiftUpdateCheck = 1540;
				LastUpgradeCheck = 1540;
				TargetAttributes = {
					11C8D5A32D75AA7A00B60DE7 = {
						CreatedOnToolsVersion = 15.4;
					};
					11C8D5B32D75AA7C00B60DE7 = {
						CreatedOnToolsVersion = 15.4;
						TestTargetID = 11C8D5A32D75AA7A00B60DE7;
					};
					11C8D5BD2D75AA7C00B60DE7 = {
						CreatedOnToolsVersion = 15.4;
						TestTargetID = 11C8D5A32D75AA7A00B60DE7;
					};
				};
			};
			buildConfigurationList = 11C8D59F2D75AA7A00B60DE7 /* Build configuration list for PBXProject "ios-track-search-key" */;
			compatibilityVersion = "Xcode 14.0";
			developmentRegion = en;
			hasScannedForEncodings = 0;
			knownRegions = (
				en,
				Base,
			);
			mainGroup = 11C8D59B2D75AA7A00B60DE7;
			productRefGroup = 11C8D5A52D75AA7A00B60DE7 /* Products */;
			projectDirPath = "";
			projectRoot = "";
			targets = (
				11C8D5A32D75AA7A00B60DE7 /* ios-track-search-key */,
				11C8D5B32D75AA7C00B60DE7 /* ios-track-search-keyTests */,
				11C8D5BD2D75AA7C00B60DE7 /* ios-track-search-keyUITests */,
			);
		};
/* End PBXProject section */

/* Begin PBXResourcesBuildPhase section */
		11C8D5A22D75AA7A00B60DE7 /* Resources */ = {
			isa = PBXResourcesBuildPhase;
			buildActionMask = 2147483647;
			files = (
				11C8D5AF2D75AA7C00B60DE7 /* Preview Assets.xcassets in Resources */,
				11C8D5AC2D75AA7C00B60DE7 /* Assets.xcassets in Resources */,
			);
			runOnlyForDeploymentPostprocessing = 0;
		};
		11C8D5B22D75AA7C00B60DE7 /* Resources */ = {
			isa = PBXResourcesBuildPhase;
			buildActionMask = 2147483647;
			files = (
			);
			runOnlyForDeploymentPostprocessing = 0;
		};
		11C8D5BC2D75AA7C00B60DE7 /* Resources */ = {
			isa = PBXResourcesBuildPhase;
			buildActionMask = 2147483647;
			files = (
			);
			runOnlyForDeploymentPostprocessing = 0;
		};
/* End PBXResourcesBuildPhase section */

/* Begin PBXSourcesBuildPhase section */
		11C8D5A02D75AA7A00B60DE7 /* Sources */ = {
			isa = PBXSourcesBuildPhase;
			buildActionMask = 2147483647;
			files = (
				11C8D5AA2D75AA7A00B60DE7 /* ContentView.swift in Sources */,
				11C8D5A82D75AA7A00B60DE7 /* ios_track_search_keyApp.swift in Sources */,
			);
			runOnlyForDeploymentPostprocessing = 0;
		};
		11C8D5B02D75AA7C00B60DE7 /* Sources */ = {
			isa = PBXSourcesBuildPhase;
			buildActionMask = 2147483647;
			files = (
				11C8D5B92D75AA7C00B60DE7 /* ios_track_search_keyTests.swift in Sources */,
			);
			runOnlyForDeploymentPostprocessing = 0;
		};
		11C8D5BA2D75AA7C00B60DE7 /* Sources */ = {
			isa = PBXSourcesBuildPhase;
			buildActionMask = 2147483647;
			files = (
				11C8D5C52D75AA7C00B60DE7 /* ios_track_search_keyUITestsLaunchTests.swift in Sources */,
				11C8D5C32D75AA7C00B60DE7 /* ios_track_search_keyUITests.swift in Sources */,
			);
			runOnlyForDeploymentPostprocessing = 0;
		};
/* End PBXSourcesBuildPhase section */

/* Begin PBXTargetDependency section */
		11C8D5B62D75AA7C00B60DE7 /* PBXTargetDependency */ = {
			isa = PBXTargetDependency;
			target = 11C8D5A32D75AA7A00B60DE7 /* ios-track-search-key */;
			targetProxy = 11C8D5B52D75AA7C00B60DE7 /* PBXContainerItemProxy */;
		};
		11C8D5C02D75AA7C00B60DE7 /* PBXTargetDependency */ = {
			isa = PBXTargetDependency;
			target = 11C8D5A32D75AA7A00B60DE7 /* ios-track-search-key */;
			targetProxy = 11C8D5BF2D75AA7C00B60DE7 /* PBXContainerItemProxy */;
		};
/* End PBXTargetDependency section */

/* Begin XCBuildConfiguration section */
		11C8D5C62D75AA7C00B60DE7 /* Debug */ = {
			isa = XCBuildConfiguration;
			buildSettings = {
				ALWAYS_SEARCH_USER_PATHS = NO;
				ASSETCATALOG_COMPILER_GENERATE_SWIFT_ASSET_SYMBOL_EXTENSIONS = YES;
				CLANG_ANALYZER_NONNULL = YES;
				CLANG_ANALYZER_NUMBER_OBJECT_CONVERSION = YES_AGGRESSIVE;
				CLANG_CXX_LANGUAGE_STANDARD = "gnu++20";
				CLANG_ENABLE_MODULES = YES;
				CLANG_ENABLE_OBJC_ARC = YES;
				CLANG_ENABLE_OBJC_WEAK = YES;
				CLANG_WARN_BLOCK_CAPTURE_AUTORELEASING = YES;
				CLANG_WARN_BOOL_CONVERSION = YES;
				CLANG_WARN_COMMA = YES;
				CLANG_WARN_CONSTANT_CONVERSION = YES;
				CLANG_WARN_DEPRECATED_OBJC_IMPLEMENTATIONS = YES;
				CLANG_WARN_DIRECT_OBJC_ISA_USAGE = YES_ERROR;
				CLANG_WARN_DOCUMENTATION_COMMENTS = YES;
				CLANG_WARN_EMPTY_BODY = YES;
				CLANG_WARN_ENUM_CONVERSION = YES;
				CLANG_WARN_INFINITE_RECURSION = YES;
				CLANG_WARN_INT_CONVERSION = YES;
				CLANG_WARN_NON_LITERAL_NULL_CONVERSION = YES;
				CLANG_WARN_OBJC_IMPLICIT_RETAIN_SELF = YES;
				CLANG_WARN_OBJC_LITERAL_CONVERSION = YES;
				CLANG_WARN_OBJC_ROOT_CLASS = YES_ERROR;
				CLANG_WARN_QUOTED_INCLUDE_IN_FRAMEWORK_HEADER = YES;
				CLANG_WARN_RANGE_LOOP_ANALYSIS = YES;
				CLANG_WARN_STRICT_PROTOTYPES = YES;
				CLANG_WARN_SUSPICIOUS_MOVE = YES;
				CLANG_WARN_UNGUARDED_AVAILABILITY = YES_AGGRESSIVE;
				CLANG_WARN_UNREACHABLE_CODE = YES;
				CLANG_WARN__DUPLICATE_METHOD_MATCH = YES;
				COPY_PHASE_STRIP = NO;
				DEBUG_INFORMATION_FORMAT = dwarf;
				ENABLE_STRICT_OBJC_MSGSEND = YES;
				ENABLE_TESTABILITY = YES;
				ENABLE_USER_SCRIPT_SANDBOXING = YES;
				GCC_C_LANGUAGE_STANDARD = gnu17;
				GCC_DYNAMIC_NO_PIC = NO;
				GCC_NO_COMMON_BLOCKS = YES;
				GCC_OPTIMIZATION_LEVEL = 0;
				GCC_PREPROCESSOR_DEFINITIONS = (
					"DEBUG=1",
					"$(inherited)",
				);
				GCC_WARN_64_TO_32_BIT_CONVERSION = YES;
				GCC_WARN_ABOUT_RETURN_TYPE = YES_ERROR;
				GCC_WARN_UNDECLARED_SELECTOR = YES;
				GCC_WARN_UNINITIALIZED_AUTOS = YES_AGGRESSIVE;
				GCC_WARN_UNUSED_FUNCTION = YES;
				GCC_WARN_UNUSED_VARIABLE = YES;
				IPHONEOS_DEPLOYMENT_TARGET = 17.5;
				LOCALIZATION_PREFERS_STRING_CATALOGS = YES;
				MTL_ENABLE_DEBUG_INFO = INCLUDE_SOURCE;
				MTL_FAST_MATH = YES;
				ONLY_ACTIVE_ARCH = YES;
				SDKROOT = iphoneos;
				SWIFT_ACTIVE_COMPILATION_CONDITIONS = "DEBUG $(inherited)";
				SWIFT_OPTIMIZATION_LEVEL = "-Onone";
			};
			name = Debug;
		};
		11C8D5C72D75AA7C00B60DE7 /* Release */ = {
			isa = XCBuildConfiguration;
			buildSettings = {
				ALWAYS_SEARCH_USER_PATHS = NO;
				ASSETCATALOG_COMPILER_GENERATE_SWIFT_ASSET_SYMBOL_EXTENSIONS = YES;
				CLANG_ANALYZER_NONNULL = YES;
				CLANG_ANALYZER_NUMBER_OBJECT_CONVERSION = YES_AGGRESSIVE;
				CLANG_CXX_LANGUAGE_STANDARD = "gnu++20";
				CLANG_ENABLE_MODULES = YES;
				CLANG_ENABLE_OBJC_ARC = YES;
				CLANG_ENABLE_OBJC_WEAK = YES;
				CLANG_WARN_BLOCK_CAPTURE_AUTORELEASING = YES;
				CLANG_WARN_BOOL_CONVERSION = YES;
				CLANG_WARN_COMMA = YES;
				CLANG_WARN_CONSTANT_CONVERSION = YES;
				CLANG_WARN_DEPRECATED_OBJC_IMPLEMENTATIONS = YES;
				CLANG_WARN_DIRECT_OBJC_ISA_USAGE = YES_ERROR;
				CLANG_WARN_DOCUMENTATION_COMMENTS = YES;
				CLANG_WARN_EMPTY_BODY = YES;
				CLANG_WARN_ENUM_CONVERSION = YES;
				CLANG_WARN_INFINITE_RECURSION = YES;
				CLANG_WARN_INT_CONVERSION = YES;
				CLANG_WARN_NON_LITERAL_NULL_CONVERSION = YES;
				CLANG_WARN_OBJC_IMPLICIT_RETAIN_SELF = YES;
				CLANG_WARN_OBJC_LITERAL_CONVERSION = YES;
				CLANG_WARN_OBJC_ROOT_CLASS = YES_ERROR;
				CLANG_WARN_QUOTED_INCLUDE_IN_FRAMEWORK_HEADER = YES;
				CLANG_WARN_RANGE_LOOP_ANALYSIS = YES;
				CLANG_WARN_STRICT_PROTOTYPES = YES;
				CLANG_WARN_SUSPICIOUS_MOVE = YES;
				CLANG_WARN_UNGUARDED_AVAILABILITY = YES_AGGRESSIVE;
				CLANG_WARN_UNREACHABLE_CODE = YES;
				CLANG_WARN__DUPLICATE_METHOD_MATCH = YES;
				COPY_PHASE_STRIP = NO;
				DEBUG_INFORMATION_FORMAT = "dwarf-with-dsym";
				ENABLE_NS_ASSERTIONS = NO;
				ENABLE_STRICT_OBJC_MSGSEND = YES;
				ENABLE_USER_SCRIPT_SANDBOXING = YES;
				GCC_C_LANGUAGE_STANDARD = gnu17;
				GCC_NO_COMMON_BLOCKS = YES;
				GCC_WARN_64_TO_32_BIT_CONVERSION = YES;
				GCC_WARN_ABOUT_RETURN_TYPE = YES_ERROR;
				GCC_WARN_UNDECLARED_SELECTOR = YES;
				GCC_WARN_UNINITIALIZED_AUTOS = YES_AGGRESSIVE;
				GCC_WARN_UNUSED_FUNCTION = YES;
				GCC_WARN_UNUSED_VARIABLE = YES;
				IPHONEOS_DEPLOYMENT_TARGET = 17.5;
				LOCALIZATION_PREFERS_STRING_CATALOGS = YES;
				MTL_ENABLE_DEBUG_INFO = NO;
				MTL_FAST_MATH = YES;
				SDKROOT = iphoneos;
				SWIFT_COMPILATION_MODE = wholemodule;
				VALIDATE_PRODUCT = YES;
			};
			name = Release;
		};
		11C8D5C92D75AA7C00B60DE7 /* Debug */ = {
			isa = XCBuildConfiguration;
			buildSettings = {
				ASSETCATALOG_COMPILER_APPICON_NAME = AppIcon;
				ASSETCATALOG_COMPILER_GLOBAL_ACCENT_COLOR_NAME = AccentColor;
				CODE_SIGN_STYLE = Automatic;
				CURRENT_PROJECT_VERSION = 1;
				DEVELOPMENT_ASSET_PATHS = "\"ios-track-search-key/Preview Content\"";
				ENABLE_PREVIEWS = YES;
				GENERATE_INFOPLIST_FILE = YES;
				INFOPLIST_KEY_UIApplicationSceneManifest_Generation = YES;
				INFOPLIST_KEY_UIApplicationSupportsIndirectInputEvents = YES;
				INFOPLIST_KEY_UILaunchScreen_Generation = YES;
				INFOPLIST_KEY_UISupportedInterfaceOrientations_iPad = "UIInterfaceOrientationPortrait UIInterfaceOrientationPortraitUpsideDown UIInterfaceOrientationLandscapeLeft UIInterfaceOrientationLandscapeRight";
				INFOPLIST_KEY_UISupportedInterfaceOrientations_iPhone = "UIInterfaceOrientationPortrait UIInterfaceOrientationLandscapeLeft UIInterfaceOrientationLandscapeRight";
				LD_RUNPATH_SEARCH_PATHS = (
					"$(inherited)",
					"@executable_path/Frameworks",
				);
				MARKETING_VERSION = 1.0;
				PRODUCT_BUNDLE_IDENTIFIER = "minh.truong.tyme.intern.ios-track-search-key";
				PRODUCT_NAME = "$(TARGET_NAME)";
				SWIFT_EMIT_LOC_STRINGS = YES;
				SWIFT_VERSION = 5.0;
				TARGETED_DEVICE_FAMILY = "1,2";
			};
			name = Debug;
		};
		11C8D5CA2D75AA7C00B60DE7 /* Release */ = {
			isa = XCBuildConfiguration;
			buildSettings = {
				ASSETCATALOG_COMPILER_APPICON_NAME = AppIcon;
				ASSETCATALOG_COMPILER_GLOBAL_ACCENT_COLOR_NAME = AccentColor;
				CODE_SIGN_STYLE = Automatic;
				CURRENT_PROJECT_VERSION = 1;
				DEVELOPMENT_ASSET_PATHS = "\"ios-track-search-key/Preview Content\"";
				ENABLE_PREVIEWS = YES;
				GENERATE_INFOPLIST_FILE = YES;
				INFOPLIST_KEY_UIApplicationSceneManifest_Generation = YES;
				INFOPLIST_KEY_UIApplicationSupportsIndirectInputEvents = YES;
				INFOPLIST_KEY_UILaunchScreen_Generation = YES;
				INFOPLIST_KEY_UISupportedInterfaceOrientations_iPad = "UIInterfaceOrientationPortrait UIInterfaceOrientationPortraitUpsideDown UIInterfaceOrientationLandscapeLeft UIInterfaceOrientationLandscapeRight";
				INFOPLIST_KEY_UISupportedInterfaceOrientations_iPhone = "UIInterfaceOrientationPortrait UIInterfaceOrientationLandscapeLeft UIInterfaceOrientationLandscapeRight";
				LD_RUNPATH_SEARCH_PATHS = (
					"$(inherited)",
					"@executable_path/Frameworks",
				);
				MARKETING_VERSION = 1.0;
				PRODUCT_BUNDLE_IDENTIFIER = "minh.truong.tyme.intern.ios-track-search-key";
				PRODUCT_NAME = "$(TARGET_NAME)";
				SWIFT_EMIT_LOC_STRINGS = YES;
				SWIFT_VERSION = 5.0;
				TARGETED_DEVICE_FAMILY = "1,2";
			};
			name = Release;
		};
		11C8D5CC2D75AA7C00B60DE7 /* Debug */ = {
			isa = XCBuildConfiguration;
			buildSettings = {
				ALWAYS_EMBED_SWIFT_STANDARD_LIBRARIES = YES;
				BUNDLE_LOADER = "$(TEST_HOST)";
				CODE_SIGN_STYLE = Automatic;
				CURRENT_PROJECT_VERSION = 1;
				GENERATE_INFOPLIST_FILE = YES;
				IPHONEOS_DEPLOYMENT_TARGET = 17.5;
				MARKETING_VERSION = 1.0;
				PRODUCT_BUNDLE_IDENTIFIER = "minh.truong.tyme.intern.ios-track-search-keyTests";
				PRODUCT_NAME = "$(TARGET_NAME)";
				SWIFT_EMIT_LOC_STRINGS = NO;
				SWIFT_VERSION = 5.0;
				TARGETED_DEVICE_FAMILY = "1,2";
				TEST_HOST = "$(BUILT_PRODUCTS_DIR)/ios-track-search-key.app/$(BUNDLE_EXECUTABLE_FOLDER_PATH)/ios-track-search-key";
			};
			name = Debug;
		};
		11C8D5CD2D75AA7C00B60DE7 /* Release */ = {
			isa = XCBuildConfiguration;
			buildSettings = {
				ALWAYS_EMBED_SWIFT_STANDARD_LIBRARIES = YES;
				BUNDLE_LOADER = "$(TEST_HOST)";
				CODE_SIGN_STYLE = Automatic;
				CURRENT_PROJECT_VERSION = 1;
				GENERATE_INFOPLIST_FILE = YES;
				IPHONEOS_DEPLOYMENT_TARGET = 17.5;
				MARKETING_VERSION = 1.0;
				PRODUCT_BUNDLE_IDENTIFIER = "minh.truong.tyme.intern.ios-track-search-keyTests";
				PRODUCT_NAME = "$(TARGET_NAME)";
				SWIFT_EMIT_LOC_STRINGS = NO;
				SWIFT_VERSION = 5.0;
				TARGETED_DEVICE_FAMILY = "1,2";
				TEST_HOST = "$(BUILT_PRODUCTS_DIR)/ios-track-search-key.app/$(BUNDLE_EXECUTABLE_FOLDER_PATH)/ios-track-search-key";
			};
			name = Release;
		};
		11C8D5CF2D75AA7C00B60DE7 /* Debug */ = {
			isa = XCBuildConfiguration;
			buildSettings = {
				ALWAYS_EMBED_SWIFT_STANDARD_LIBRARIES = YES;
				CODE_SIGN_STYLE = Automatic;
				CURRENT_PROJECT_VERSION = 1;
				GENERATE_INFOPLIST_FILE = YES;
				MARKETING_VERSION = 1.0;
				PRODUCT_BUNDLE_IDENTIFIER = "minh.truong.tyme.intern.ios-track-search-keyUITests";
				PRODUCT_NAME = "$(TARGET_NAME)";
				SWIFT_EMIT_LOC_STRINGS = NO;
				SWIFT_VERSION = 5.0;
				TARGETED_DEVICE_FAMILY = "1,2";
				TEST_TARGET_NAME = "ios-track-search-key";
			};
			name = Debug;
		};
		11C8D5D02D75AA7C00B60DE7 /* Release */ = {
			isa = XCBuildConfiguration;
			buildSettings = {
				ALWAYS_EMBED_SWIFT_STANDARD_LIBRARIES = YES;
				CODE_SIGN_STYLE = Automatic;
				CURRENT_PROJECT_VERSION = 1;
				GENERATE_INFOPLIST_FILE = YES;
				MARKETING_VERSION = 1.0;
				PRODUCT_BUNDLE_IDENTIFIER = "minh.truong.tyme.intern.ios-track-search-keyUITests";
				PRODUCT_NAME = "$(TARGET_NAME)";
				SWIFT_EMIT_LOC_STRINGS = NO;
				SWIFT_VERSION = 5.0;
				TARGETED_DEVICE_FAMILY = "1,2";
				TEST_TARGET_NAME = "ios-track-search-key";
			};
			name = Release;
		};
/* End XCBuildConfiguration section */

/* Begin XCConfigurationList section */
		11C8D59F2D75AA7A00B60DE7 /* Build configuration list for PBXProject "ios-track-search-key" */ = {
			isa = XCConfigurationList;
			buildConfigurations = (
				11C8D5C62D75AA7C00B60DE7 /* Debug */,
				11C8D5C72D75AA7C00B60DE7 /* Release */,
			);
			defaultConfigurationIsVisible = 0;
			defaultConfigurationName = Release;
		};
		11C8D5C82D75AA7C00B60DE7 /* Build configuration list for PBXNativeTarget "ios-track-search-key" */ = {
			isa = XCConfigurationList;
			buildConfigurations = (
				11C8D5C92D75AA7C00B60DE7 /* Debug */,
				11C8D5CA2D75AA7C00B60DE7 /* Release */,
			);
			defaultConfigurationIsVisible = 0;
			defaultConfigurationName = Release;
		};
		11C8D5CB2D75AA7C00B60DE7 /* Build configuration list for PBXNativeTarget "ios-track-search-keyTests" */ = {
			isa = XCConfigurationList;
			buildConfigurations = (
				11C8D5CC2D75AA7C00B60DE7 /* Debug */,
				11C8D5CD2D75AA7C00B60DE7 /* Release */,
			);
			defaultConfigurationIsVisible = 0;
			defaultConfigurationName = Release;
		};
		11C8D5CE2D75AA7C00B60DE7 /* Build configuration list for PBXNativeTarget "ios-track-search-keyUITests" */ = {
			isa = XCConfigurationList;
			buildConfigurations = (
				11C8D5CF2D75AA7C00B60DE7 /* Debug */,
				11C8D5D02D75AA7C00B60DE7 /* Release */,
			);
			defaultConfigurationIsVisible = 0;
			defaultConfigurationName = Release;
		};
/* End XCConfigurationList section */
	};
	rootObject = 11C8D59C2D75AA7A00B60DE7 /* Project object */;
}
